
Microsoft Visual Studio Solution File, Format Version 12.00
# Visual Studio Version 17
VisualStudioVersion = 17.4.33110.190
MinimumVisualStudioVersion = 10.0.40219.1
Project("{FAE04EC0-301F-11D3-BF4B-00C04F79EFBC}") = "PR2.1_Kopanev", "PR2.1_Kopanev\PR2.1_Kopanev.csproj", "{77F07009-C326-4628-9CCA-4B75DE502C39}"
EndProject
Global
	GlobalSection(SolutionConfigurationPlatforms) = preSolution
		Debug|Any CPU = Debug|Any CPU
		Release|Any CPU = Release|Any CPU
	EndGlobalSection
	GlobalSection(ProjectConfigurationPlatforms) = postSolution
		{77F07009-C326-4628-9CCA-4B75DE502C39}.Debug|Any CPU.ActiveCfg = Debug|Any CPU
		{77F07009-C326-4628-9CCA-4B75DE502C39}.Debug|Any CPU.Build.0 = Debug|Any CPU
		{77F07009-C326-4628-9CCA-4B75DE502C39}.Release|Any CPU.ActiveCfg = Release|Any CPU
		{77F07009-C326-4628-9CCA-4B75DE502C39}.Release|Any CPU.Build.0 = Release|Any CPU
	EndGlobalSection
	GlobalSection(SolutionProperties) = preSolution
		HideSolutionNode = FALSE
	EndGlobalSection
	GlobalSection(ExtensibilityGlobals) = postSolution
		SolutionGuid = {7E076D67-058A-41AA-A83D-9882094FF0CC}
	EndGlobalSection
EndGlobal
